{
  "version": "3",
  "remote": {
    "https://esm.sh/ajv-formats@3.0.1": "fb52a371c6987577eebbe786e1375e1c0b290b1e95de2a4b40bab6123e9a8c56",
    "https://esm.sh/ajv@8.12.0": "965ce16eff0cefef99e67478c5ee760928bd8931d40c3b958325cdd6ab6149f2",
    "https://esm.sh/ajv@8.16.0": "709928db8afb11f18540a0f7be22b0600017ad51a326f8f06d1bd989285320ea",
    "https://esm.sh/v135/ajv-formats@3.0.1/denonext/ajv-formats.mjs": "8edbd78b344ad19468e5cb43b5b2eef05600b5d6dfadf0967fa8969dbd6212d6",
    "https://esm.sh/v135/ajv@8.12.0/denonext/ajv.mjs": "4645df9093d0f8be0e964070a4a7aea8adea06e8883660340931f7a3f979fc65",
    "https://esm.sh/v135/ajv@8.12.0/denonext/dist/compile/codegen.js": "d981238e5b1e78217e1c6db59cbd594369279722c608ed630d08717ee44edd84",
    "https://esm.sh/v135/ajv@8.16.0/denonext/ajv.mjs": "bb9ed6e8f9ec36f0f19f076bcaefbb997e7889ca422d94cc6d83fc580606c3f3",
    "https://esm.sh/v135/fast-deep-equal@3.1.3/denonext/fast-deep-equal.mjs": "6313b3e05436550e1c0aeb2a282206b9b8d9213b4c6f247964dd7bb4835fb9e5",
    "https://esm.sh/v135/json-schema-traverse@1.0.0/denonext/json-schema-traverse.mjs": "c5da8353bc014e49ebbb1a2c0162d29969a14c325da19644e511f96ba670cc45",
    "https://esm.sh/v135/uri-js@4.4.1/denonext/uri-js.mjs": "901d462f9db207376b39ec603d841d87e6b9e9568ce97dfaab12aa77d0f99f74"
  }
}
